Microsoft Visual Studio Solution File, Format Version 11.00
# Visual Studio 2008

Project("{CA210A62-11CC-03CB-018D-8987E731DAD1}") = "150527", "Assembly-CSharp-firstpass.csproj", "{62061C3C-4988-29D6-2103-E8E769AEC10D}"
EndProject
Project("{CA210A62-11CC-03CB-018D-8987E731DAD1}") = "150527", "Assembly-CSharp.csproj", "{E34F9AAE-E3E5-EF5E-CAD0-D8F54E032F86}"
EndProject
Project("{CA210A62-11CC-03CB-018D-8987E731DAD1}") = "150527", "Assembly-UnityScript-firstpass.unityproj", "{7B0BE41B-0371-3988-B969-02AA9D9CC5D0}"
EndProject
Project("{CA210A62-11CC-03CB-018D-8987E731DAD1}") = "150527", "Assembly-UnityScript.unityproj", "{57B370CB-93F4-8818-011B-6F8688D68CDA}"
EndProject
Global
	GlobalSection(SolutionConfigurationPlatforms) = preSolution
		Debug|Any CPU = Debug|Any CPU
		Release|Any CPU = Release|Any CPU
	EndGlobalSection
	GlobalSection(ProjectConfigurationPlatforms) = postSolution
		{62061C3C-4988-29D6-2103-E8E769AEC10D}.Debug|Any CPU.ActiveCfg = Debug|Any CPU
		{62061C3C-4988-29D6-2103-E8E769AEC10D}.Debug|Any CPU.Build.0 = Debug|Any CPU
		{62061C3C-4988-29D6-2103-E8E769AEC10D}.Release|Any CPU.ActiveCfg = Release|Any CPU
		{62061C3C-4988-29D6-2103-E8E769AEC10D}.Release|Any CPU.Build.0 = Release|Any CPU
		{E34F9AAE-E3E5-EF5E-CAD0-D8F54E032F86}.Debug|Any CPU.ActiveCfg = Debug|Any CPU
		{E34F9AAE-E3E5-EF5E-CAD0-D8F54E032F86}.Debug|Any CPU.Build.0 = Debug|Any CPU
		{E34F9AAE-E3E5-EF5E-CAD0-D8F54E032F86}.Release|Any CPU.ActiveCfg = Release|Any CPU
		{E34F9AAE-E3E5-EF5E-CAD0-D8F54E032F86}.Release|Any CPU.Build.0 = Release|Any CPU
		{7B0BE41B-0371-3988-B969-02AA9D9CC5D0}.Debug|Any CPU.ActiveCfg = Debug|Any CPU
		{7B0BE41B-0371-3988-B969-02AA9D9CC5D0}.Debug|Any CPU.Build.0 = Debug|Any CPU
		{7B0BE41B-0371-3988-B969-02AA9D9CC5D0}.Release|Any CPU.ActiveCfg = Release|Any CPU
		{7B0BE41B-0371-3988-B969-02AA9D9CC5D0}.Release|Any CPU.Build.0 = Release|Any CPU
		{57B370CB-93F4-8818-011B-6F8688D68CDA}.Debug|Any CPU.ActiveCfg = Debug|Any CPU
		{57B370CB-93F4-8818-011B-6F8688D68CDA}.Debug|Any CPU.Build.0 = Debug|Any CPU
		{57B370CB-93F4-8818-011B-6F8688D68CDA}.Release|Any CPU.ActiveCfg = Release|Any CPU
		{57B370CB-93F4-8818-011B-6F8688D68CDA}.Release|Any CPU.Build.0 = Release|Any CPU
	EndGlobalSection
	GlobalSection(SolutionProperties) = preSolution
		HideSolutionNode = FALSE
	EndGlobalSection
																GlobalSection(MonoDevelopProperties) = preSolution
		StartupItem = Assembly-CSharp.csproj
		Policies = $0
		$0.TextStylePolicy = $1
		$1.inheritsSet = null
		$1.scope = text/x-csharp
		$0.CSharpFormattingPolicy = $2
		$2.inheritsSet = Mono
		$2.inheritsScope = text/x-csharp
		$2.scope = text/x-csharp
		$0.TextStylePolicy = $3
		$3.FileWidth = 120
		$3.TabWidth = 4
		$3.IndentWidth = 4
		$3.EolMarker = Unix
		$3.inheritsSet = Mono
		$3.inheritsScope = text/plain
		$3.scope = text/plain
	EndGlobalSection

EndGlobal
