Microsoft Visual Studio Solution File, Format Version 11.00
# Visual Studio 2008

Project("{72FA3BCB-BD41-3B2D-0790-EFAA9C98F8DC}") = "150505", "Assembly-CSharp-firstpass-vs.csproj", "{221F5792-39EB-2785-76F5-578CB80D98E1}"
EndProject
Project("{72FA3BCB-BD41-3B2D-0790-EFAA9C98F8DC}") = "150505", "Assembly-CSharp-vs.csproj", "{8423E3DA-AECA-457E-53A8-0E5895156BB9}"
EndProject
Project("{72FA3BCB-BD41-3B2D-0790-EFAA9C98F8DC}") = "150505", "Assembly-CSharp-Editor-vs.csproj", "{06D0E71B-FBA6-D1BB-7CB4-9CDBE0A5E01C}"
EndProject
Global
	GlobalSection(SolutionConfigurationPlatforms) = preSolution
		Debug|Any CPU = Debug|Any CPU
		Release|Any CPU = Release|Any CPU
	EndGlobalSection
	GlobalSection(ProjectConfigurationPlatforms) = postSolution
		{221F5792-39EB-2785-76F5-578CB80D98E1}.Debug|Any CPU.ActiveCfg = Debug|Any CPU
		{221F5792-39EB-2785-76F5-578CB80D98E1}.Debug|Any CPU.Build.0 = Debug|Any CPU
		{221F5792-39EB-2785-76F5-578CB80D98E1}.Release|Any CPU.ActiveCfg = Release|Any CPU
		{221F5792-39EB-2785-76F5-578CB80D98E1}.Release|Any CPU.Build.0 = Release|Any CPU
		{8423E3DA-AECA-457E-53A8-0E5895156BB9}.Debug|Any CPU.ActiveCfg = Debug|Any CPU
		{8423E3DA-AECA-457E-53A8-0E5895156BB9}.Debug|Any CPU.Build.0 = Debug|Any CPU
		{8423E3DA-AECA-457E-53A8-0E5895156BB9}.Release|Any CPU.ActiveCfg = Release|Any CPU
		{8423E3DA-AECA-457E-53A8-0E5895156BB9}.Release|Any CPU.Build.0 = Release|Any CPU
		{06D0E71B-FBA6-D1BB-7CB4-9CDBE0A5E01C}.Debug|Any CPU.ActiveCfg = Debug|Any CPU
		{06D0E71B-FBA6-D1BB-7CB4-9CDBE0A5E01C}.Debug|Any CPU.Build.0 = Debug|Any CPU
		{06D0E71B-FBA6-D1BB-7CB4-9CDBE0A5E01C}.Release|Any CPU.ActiveCfg = Release|Any CPU
		{06D0E71B-FBA6-D1BB-7CB4-9CDBE0A5E01C}.Release|Any CPU.Build.0 = Release|Any CPU
	EndGlobalSection
	GlobalSection(SolutionProperties) = preSolution
		HideSolutionNode = FALSE
	EndGlobalSection
															GlobalSection(MonoDevelopProperties) = preSolution
		StartupItem = Assembly-CSharp.csproj
		Policies = $0
		$0.TextStylePolicy = $1
		$1.inheritsSet = null
		$1.scope = text/x-csharp
		$0.CSharpFormattingPolicy = $2
		$2.inheritsSet = Mono
		$2.inheritsScope = text/x-csharp
		$2.scope = text/x-csharp
		$0.TextStylePolicy = $3
		$3.FileWidth = 120
		$3.TabWidth = 4
		$3.IndentWidth = 4
		$3.EolMarker = Unix
		$3.inheritsSet = Mono
		$3.inheritsScope = text/plain
		$3.scope = text/plain
	EndGlobalSection

EndGlobal
