Microsoft Visual Studio Solution File, Format Version 11.00
# Visual Studio 2008

Project("{19D24824-FA71-C546-10A3-C9B183417B3E}") = "150607_1", "Assembly-CSharp-firstpass.csproj", "{887A6C15-E28F-A3D4-263C-433FEA40B8AC}"
EndProject
Project("{19D24824-FA71-C546-10A3-C9B183417B3E}") = "150607_1", "Assembly-CSharp.csproj", "{CDA5F2AE-F98D-AF9A-600B-3E78874EED22}"
EndProject
Project("{19D24824-FA71-C546-10A3-C9B183417B3E}") = "150607_1", "Assembly-UnityScript-firstpass.unityproj", "{44139E3C-5DA6-DB70-6F9E-87A132C30599}"
EndProject
Project("{19D24824-FA71-C546-10A3-C9B183417B3E}") = "150607_1", "Assembly-UnityScript.unityproj", "{E1E70534-6A87-0743-FD30-51800EDCD141}"
EndProject
Global
	GlobalSection(SolutionConfigurationPlatforms) = preSolution
		Debug|Any CPU = Debug|Any CPU
		Release|Any CPU = Release|Any CPU
	EndGlobalSection
	GlobalSection(ProjectConfigurationPlatforms) = postSolution
		{887A6C15-E28F-A3D4-263C-433FEA40B8AC}.Debug|Any CPU.ActiveCfg = Debug|Any CPU
		{887A6C15-E28F-A3D4-263C-433FEA40B8AC}.Debug|Any CPU.Build.0 = Debug|Any CPU
		{887A6C15-E28F-A3D4-263C-433FEA40B8AC}.Release|Any CPU.ActiveCfg = Release|Any CPU
		{887A6C15-E28F-A3D4-263C-433FEA40B8AC}.Release|Any CPU.Build.0 = Release|Any CPU
		{CDA5F2AE-F98D-AF9A-600B-3E78874EED22}.Debug|Any CPU.ActiveCfg = Debug|Any CPU
		{CDA5F2AE-F98D-AF9A-600B-3E78874EED22}.Debug|Any CPU.Build.0 = Debug|Any CPU
		{CDA5F2AE-F98D-AF9A-600B-3E78874EED22}.Release|Any CPU.ActiveCfg = Release|Any CPU
		{CDA5F2AE-F98D-AF9A-600B-3E78874EED22}.Release|Any CPU.Build.0 = Release|Any CPU
		{44139E3C-5DA6-DB70-6F9E-87A132C30599}.Debug|Any CPU.ActiveCfg = Debug|Any CPU
		{44139E3C-5DA6-DB70-6F9E-87A132C30599}.Debug|Any CPU.Build.0 = Debug|Any CPU
		{44139E3C-5DA6-DB70-6F9E-87A132C30599}.Release|Any CPU.ActiveCfg = Release|Any CPU
		{44139E3C-5DA6-DB70-6F9E-87A132C30599}.Release|Any CPU.Build.0 = Release|Any CPU
		{E1E70534-6A87-0743-FD30-51800EDCD141}.Debug|Any CPU.ActiveCfg = Debug|Any CPU
		{E1E70534-6A87-0743-FD30-51800EDCD141}.Debug|Any CPU.Build.0 = Debug|Any CPU
		{E1E70534-6A87-0743-FD30-51800EDCD141}.Release|Any CPU.ActiveCfg = Release|Any CPU
		{E1E70534-6A87-0743-FD30-51800EDCD141}.Release|Any CPU.Build.0 = Release|Any CPU
	EndGlobalSection
	GlobalSection(SolutionProperties) = preSolution
		HideSolutionNode = FALSE
	EndGlobalSection
		GlobalSection(MonoDevelopProperties) = preSolution
		StartupItem = Assembly-CSharp.csproj
		Policies = $0
		$0.TextStylePolicy = $1
		$1.inheritsSet = null
		$1.scope = text/x-csharp
		$0.CSharpFormattingPolicy = $2
		$2.inheritsSet = Mono
		$2.inheritsScope = text/x-csharp
		$2.scope = text/x-csharp
		$0.TextStylePolicy = $3
		$3.FileWidth = 120
		$3.TabWidth = 4
		$3.IndentWidth = 4
		$3.EolMarker = Unix
		$3.inheritsSet = Mono
		$3.inheritsScope = text/plain
		$3.scope = text/plain
	EndGlobalSection

EndGlobal
